{
  "name": "tonva-uqui",
  "version": "0.1.0",
  "lockfileVersion": 1,
  "requires": true,
  "dependencies": {
    "@types/classnames": {
      "version": "2.2.3",
      "resolved": "https://registry.npmjs.org/@types/classnames/-/classnames-2.2.3.tgz",
      "integrity": "sha1-Pw/2hz2nk4cOIKJgytpVmC84qeU="
    },
    "@types/jwt-decode": {
      "version": "2.2.1",
      "resolved": "https://registry.npmjs.org/@types/jwt-decode/-/jwt-decode-2.2.1.tgz",
      "integrity": "sha1-r99cUn/PzL1ACbX9AtHhgkHy0vI="
    },
    "@types/lodash": {
      "version": "4.14.168",
      "resolved": "https://registry.npmjs.org/@types/lodash/-/lodash-4.14.168.tgz",
      "integrity": "sha512-oVfRvqHV/V6D1yifJbVRU3TMp8OT6o6BG+U9MkwuJ3U8/CsDHvalRpsxBqivn71ztOFZBTfJMvETbqHiaNSj7Q=="
    },
    "@types/node": {
      "version": "8.10.62",
      "resolved": "https://registry.npmjs.org/@types/node/-/node-8.10.62.tgz",
      "integrity": "sha512-76fupxOYVxk36kb7O/6KtrAPZ9jnSK3+qisAX4tQMEuGNdlvl7ycwatlHqjoE6jHfVtXFM3pCrCixZOidc5cuw=="
    },
    "@types/node-fetch": {
      "version": "2.1.2",
      "resolved": "https://registry.npmjs.org/@types/node-fetch/-/node-fetch-2.1.2.tgz",
      "integrity": "sha512-XroxUzLpKuL+CVkQqXlffRkEPi4Gh3Oui/mWyS7ztKiyqVxiU+h3imCW5I2NQmde5jK+3q++36/Q96cyRWsweg==",
      "requires": {
        "@types/node": "*"
      }
    },
    "@types/prop-types": {
      "version": "15.7.3",
      "resolved": "https://registry.npmjs.org/@types/prop-types/-/prop-types-15.7.3.tgz",
      "integrity": "sha512-KfRL3PuHmqQLOG+2tGpRO26Ctg+Cq1E01D2DMriKEATHgWLfeNDmq9e29Q9WIky0dQ3NPkd1mzYH8Lm936Z9qw=="
    },
    "@types/react": {
      "version": "17.0.2",
      "resolved": "https://registry.npmjs.org/@types/react/-/react-17.0.2.tgz",
      "integrity": "sha512-Xt40xQsrkdvjn1EyWe1Bc0dJLcil/9x2vAuW7ya+PuQip4UYUaXyhzWmAbwRsdMgwOFHpfp7/FFZebDU6Y8VHA==",
      "dev": true,
      "requires": {
        "@types/prop-types": "*",
        "csstype": "^3.0.2"
      }
    },
    "@types/react-dom": {
      "version": "17.0.1",
      "resolved": "https://registry.npmjs.org/@types/react-dom/-/react-dom-17.0.1.tgz",
      "integrity": "sha512-yIVyopxQb8IDZ7SOHeTovurFq+fXiPICa+GV3gp0Xedsl+MwQlMLKmvrnEjFbQxjliH5YVAEWFh975eVNmKj7Q==",
      "dev": true,
      "requires": {
        "@types/react": "*"
      }
    },
    "classnames": {
      "version": "2.2.6",
      "resolved": "https://registry.npmjs.org/classnames/-/classnames-2.2.6.tgz",
      "integrity": "sha512-JR/iSQOSt+LQIWwrwEzJ9uk0xfN3mTVYMwt1Ir5mUcSN6pU+V4zQFFaJsclJbPuAUQH+yfWef6tm7l1quW3C8Q=="
    },
    "csstype": {
      "version": "3.0.7",
      "resolved": "https://registry.npmjs.org/csstype/-/csstype-3.0.7.tgz",
      "integrity": "sha512-KxnUB0ZMlnUWCsx2Z8MUsr6qV6ja1w9ArPErJaJaF8a5SOWoHLIszeCTKGRGRgtLgYrs1E8CHkNSP1VZTTPc9g=="
    },
    "font-awesome": {
      "version": "4.7.0",
      "resolved": "https://registry.npmjs.org/font-awesome/-/font-awesome-4.7.0.tgz",
      "integrity": "sha1-j6jPBBGhoxr9B7BtKQK7n8gVoTM="
    },
    "js-tokens": {
      "version": "4.0.0",
      "resolved": "https://registry.npmjs.org/js-tokens/-/js-tokens-4.0.0.tgz",
      "integrity": "sha512-RdJUflcE3cUzKiMqQgsCu06FPu9UdIJO0beYbPhHN4k6apgJtifcoCtT9bcxOpYBtpD2kCM6Sbzg4CausW/PKQ=="
    },
    "jwt-decode": {
      "version": "2.2.0",
      "resolved": "https://registry.npmjs.org/jwt-decode/-/jwt-decode-2.2.0.tgz",
      "integrity": "sha1-fYa9VmefWM5qhHBKZX3TkruoGnk="
    },
    "lodash": {
      "version": "4.17.21",
      "resolved": "https://registry.npmjs.org/lodash/-/lodash-4.17.21.tgz",
      "integrity": "sha512-v2kDEe57lecTulaDIuNTPy3Ry4gLGJ6Z1O3vE1krgXZNrsQ+LFTGHVxVjcXPs17LhbZVGedAJv8XZ1tvj5FvSg=="
    },
    "loose-envify": {
      "version": "1.4.0",
      "resolved": "https://registry.npmjs.org/loose-envify/-/loose-envify-1.4.0.tgz",
      "integrity": "sha512-lyuxPGr/Wfhrlem2CL/UcnUc1zcqKAImBDzukY7Y5F/yQiNdko6+fRLevlw1HgMySw7f611UIY408EtxRSoK3Q==",
      "requires": {
        "js-tokens": "^3.0.0 || ^4.0.0"
      }
    },
    "mobx": {
      "version": "6.1.8",
      "resolved": "https://registry.npmjs.org/mobx/-/mobx-6.1.8.tgz",
      "integrity": "sha512-U4yCvUeh6yKXRwFxm2lyJjXPVekOEar/R8ZKWAXem/3fthJqYflViawfjDAUh7lZEvbKqljC3NT/pSaUKpE+gg=="
    },
    "mobx-react": {
      "version": "7.1.0",
      "resolved": "https://registry.npmjs.org/mobx-react/-/mobx-react-7.1.0.tgz",
      "integrity": "sha512-DxvA6VXmnZ+N9f/UTtolWtdRnAAQY2iHWTSPLktfpj8NKlXUe4dabBAjuXrBcZUM8GjLWnxD1ZEjssXq1M0RAw==",
      "requires": {
        "mobx-react-lite": "^3.2.0"
      }
    },
    "mobx-react-lite": {
      "version": "3.2.0",
      "resolved": "https://registry.npmjs.org/mobx-react-lite/-/mobx-react-lite-3.2.0.tgz",
      "integrity": "sha512-q5+UHIqYCOpBoFm/PElDuOhbcatvTllgRp3M1s+Hp5j0Z6XNgDbgqxawJ0ZAUEyKM8X1zs70PCuhAIzX1f4Q/g=="
    },
    "object-assign": {
      "version": "4.1.1",
      "resolved": "https://registry.npmjs.org/object-assign/-/object-assign-4.1.1.tgz",
      "integrity": "sha1-IQmtx5ZYh8/AXLvUQsrIv7s2CGM="
    },
    "prop-types": {
      "version": "15.7.2",
      "resolved": "https://registry.npmjs.org/prop-types/-/prop-types-15.7.2.tgz",
      "integrity": "sha512-8QQikdH7//R2vurIJSutZ1smHYTcLpRWEOlHnzcWHmBYrOGUysKwSsrC89BCiFj3CbrfJ/nXFdJepOVrY1GCHQ==",
      "requires": {
        "loose-envify": "^1.4.0",
        "object-assign": "^4.1.1",
        "react-is": "^16.8.1"
      }
    },
    "react": {
      "version": "17.0.1",
      "resolved": "https://registry.npmjs.org/react/-/react-17.0.1.tgz",
      "integrity": "sha512-lG9c9UuMHdcAexXtigOZLX8exLWkW0Ku29qPRU8uhF2R9BN96dLCt0psvzPLlHc5OWkgymP3qwTRgbnw5BKx3w==",
      "requires": {
        "loose-envify": "^1.1.0",
        "object-assign": "^4.1.1"
      }
    },
    "react-chartjs-2": {
      "version": "2.11.1",
      "resolved": "https://registry.npmjs.org/react-chartjs-2/-/react-chartjs-2-2.11.1.tgz",
      "integrity": "sha512-G7cNq/n2Bkh/v4vcI+GKx7Q1xwZexKYhOSj2HmrFXlvNeaURWXun6KlOUpEQwi1cv9Tgs4H3kGywDWMrX2kxfA==",
      "requires": {
        "lodash": "^4.17.19",
        "prop-types": "^15.7.2"
      }
    },
    "react-dom": {
      "version": "17.0.1",
      "resolved": "https://registry.npmjs.org/react-dom/-/react-dom-17.0.1.tgz",
      "integrity": "sha512-6eV150oJZ9U2t9svnsspTMrWNyHc6chX0KzDeAOXftRa8bNeOKTTfCJ7KorIwenkHd2xqVTBTCZd79yk/lx/Ug==",
      "requires": {
        "loose-envify": "^1.1.0",
        "object-assign": "^4.1.1",
        "scheduler": "^0.20.1"
      }
    },
    "react-is": {
      "version": "16.13.1",
      "resolved": "https://registry.npmjs.org/react-is/-/react-is-16.13.1.tgz",
      "integrity": "sha512-24e6ynE2H+OKt4kqsOvNd8kBpV65zoxbA4BVsEOB3ARVWQki/DHzaUoC5KuON/BiccDaCCTZBuOcfZs70kR8bQ=="
    },
    "scheduler": {
      "version": "0.20.1",
      "resolved": "https://registry.npmjs.org/scheduler/-/scheduler-0.20.1.tgz",
      "integrity": "sha512-LKTe+2xNJBNxu/QhHvDR14wUXHRQbVY5ZOYpOGWRzhydZUqrLb2JBvLPY7cAqFmqrWuDED0Mjk7013SZiOz6Bw==",
      "requires": {
        "loose-envify": "^1.1.0",
        "object-assign": "^4.1.1"
      }
    },
    "tonva-react": {
      "version": "1.9.41",
      "resolved": "https://registry.npmjs.org/tonva-react/-/tonva-react-1.9.41.tgz",
      "integrity": "sha512-1+gkNkJkaAuOlFLiTEEhwUfRJM8+q1FbaM28XLcBiTUhdIFtG8iM0wCEH23vq/beYlJZo5Ze7f8VotvpcWPlQA==",
      "requires": {
        "@types/classnames": "^2.2.3",
        "@types/jwt-decode": "^2.2.1",
        "@types/lodash": "^4.14.87",
        "@types/node": "^8.10.62",
        "@types/node-fetch": "^2.1.2",
        "@types/react": "^16.14.2",
        "@types/react-dom": "^16.9.10",
        "classnames": "^2.2.6",
        "font-awesome": "^4.7.0",
        "jwt-decode": "^2.2.0",
        "lodash": "^4.17.20",
        "mobx": "^6.1.8",
        "mobx-react": "^7.1.0",
        "react": "^17.0.1",
        "react-dom": "^17.0.1",
        "typescript": "^3.9.7"
      },
      "dependencies": {
        "@types/react": {
          "version": "16.14.4",
          "resolved": "https://registry.npmjs.org/@types/react/-/react-16.14.4.tgz",
          "integrity": "sha512-ETj7GbkPGjca/A4trkVeGvoIakmLV6ZtX3J8dcmOpzKzWVybbrOxanwaIPG71GZwImoMDY6Fq4wIe34lEqZ0FQ==",
          "requires": {
            "@types/prop-types": "*",
            "csstype": "^3.0.2"
          }
        },
        "@types/react-dom": {
          "version": "16.9.11",
          "resolved": "https://registry.npmjs.org/@types/react-dom/-/react-dom-16.9.11.tgz",
          "integrity": "sha512-3UuR4MoWf5spNgrG6cwsmT9DdRghcR4IDFOzNZ6+wcmacxkFykcb5ji0nNVm9ckBT4BCxvCrJJbM4+EYsEEVIg==",
          "requires": {
            "@types/react": "^16"
          }
        },
        "typescript": {
          "version": "3.9.9",
          "resolved": "https://registry.npmjs.org/typescript/-/typescript-3.9.9.tgz",
          "integrity": "sha512-kdMjTiekY+z/ubJCATUPlRDl39vXYiMV9iyeMuEuXZh2we6zz80uovNN2WlAxmmdE/Z/YQe+EbOEXB5RHEED3w=="
        }
      }
    },
    "typescript": {
      "version": "4.2.2",
      "resolved": "https://registry.npmjs.org/typescript/-/typescript-4.2.2.tgz",
      "integrity": "sha512-tbb+NVrLfnsJy3M59lsDgrzWIflR4d4TIUjz+heUnHZwdF7YsrMTKoRERiIvI2lvBG95dfpLxB21WZhys1bgaQ=="
    }
  }
}
